// !$*UTF8*$!
{
	archiveVersion = 1;
	classes = {
	};
	objectVersion = 56;
	objects = {

/* Begin PBXBuildFile section */
		8B6CB7B22C891308000A00CE /* Kingfisher in Frameworks */ = {isa = PBXBuildFile; productRef = 8B6CB7B12C891308000A00CE /* Kingfisher */; };
		8B6CB7B42C891765000A00CE /* GameView.swift in Sources */ = {isa = PBXBuildFile; fileRef = 8B6CB7B32C891765000A00CE /* GameView.swift */; };
		8B6CB7B62C8C97C3000A00CE /* SearchGame.swift in Sources */ = {isa = PBXBuildFile; fileRef = 8B6CB7B52C8C97C3000A00CE /* SearchGame.swift */; };
		8B6CB7B82C8E5417000A00CE /* EditProfileView.swift in Sources */ = {isa = PBXBuildFile; fileRef = 8B6CB7B72C8E5417000A00CE /* EditProfileView.swift */; };
		8B6CB7BA2C8E774E000A00CE /* SaveData.swift in Sources */ = {isa = PBXBuildFile; fileRef = 8B6CB7B92C8E774E000A00CE /* SaveData.swift */; };
		8B6CB7BC2C8E7E60000A00CE /* SUImagePickerView.swift in Sources */ = {isa = PBXBuildFile; fileRef = 8B6CB7BB2C8E7E60000A00CE /* SUImagePickerView.swift */; };
		8B8DA6312C77F3BC00E7A71E /* GameStreamApp.swift in Sources */ = {isa = PBXBuildFile; fileRef = 8B8DA6302C77F3BC00E7A71E /* GameStreamApp.swift */; };
		8B8DA6332C77F3BC00E7A71E /* ContentView.swift in Sources */ = {isa = PBXBuildFile; fileRef = 8B8DA6322C77F3BC00E7A71E /* ContentView.swift */; };
		8B8DA6352C77F3BE00E7A71E /* Assets.xcassets in Resources */ = {isa = PBXBuildFile; fileRef = 8B8DA6342C77F3BE00E7A71E /* Assets.xcassets */; };
		8B8DA6382C77F3BE00E7A71E /* Preview Assets.xcassets in Resources */ = {isa = PBXBuildFile; fileRef = 8B8DA6372C77F3BE00E7A71E /* Preview Assets.xcassets */; };
		8B8DA63F2C7D51C700E7A71E /* Home.swift in Sources */ = {isa = PBXBuildFile; fileRef = 8B8DA63E2C7D51C700E7A71E /* Home.swift */; };
		8B8DA6442C81422D00E7A71E /* GamesView.swift in Sources */ = {isa = PBXBuildFile; fileRef = 8B8DA6432C81422D00E7A71E /* GamesView.swift */; };
		8B8DA6462C81425C00E7A71E /* Profile.swift in Sources */ = {isa = PBXBuildFile; fileRef = 8B8DA6452C81425C00E7A71E /* Profile.swift */; };
		8B8DA6482C81427500E7A71E /* Favorites.swift in Sources */ = {isa = PBXBuildFile; fileRef = 8B8DA6472C81427500E7A71E /* Favorites.swift */; };
		8B8DA64A2C81437300E7A71E /* Model.swift in Sources */ = {isa = PBXBuildFile; fileRef = 8B8DA6492C81437300E7A71E /* Model.swift */; };
		8B8DA64C2C8287AB00E7A71E /* GameViewModel.swift in Sources */ = {isa = PBXBuildFile; fileRef = 8B8DA64B2C8287AB00E7A71E /* GameViewModel.swift */; };
/* End PBXBuildFile section */

/* Begin PBXFileReference section */
		8B6CB7B32C891765000A00CE /* GameView.swift */ = {isa = PBXFileReference; lastKnownFileType = sourcecode.swift; path = GameView.swift; sourceTree = "<group>"; };
		8B6CB7B52C8C97C3000A00CE /* SearchGame.swift */ = {isa = PBXFileReference; lastKnownFileType = sourcecode.swift; path = SearchGame.swift; sourceTree = "<group>"; };
		8B6CB7B72C8E5417000A00CE /* EditProfileView.swift */ = {isa = PBXFileReference; lastKnownFileType = sourcecode.swift; path = EditProfileView.swift; sourceTree = "<group>"; };
		8B6CB7B92C8E774E000A00CE /* SaveData.swift */ = {isa = PBXFileReference; lastKnownFileType = sourcecode.swift; path = SaveData.swift; sourceTree = "<group>"; };
		8B6CB7BB2C8E7E60000A00CE /* SUImagePickerView.swift */ = {isa = PBXFileReference; fileEncoding = 4; lastKnownFileType = sourcecode.swift; path = SUImagePickerView.swift; sourceTree = "<group>"; };
		8B8DA62D2C77F3BC00E7A71E /* GameStream.app */ = {isa = PBXFileReference; explicitFileType = wrapper.application; includeInIndex = 0; path = GameStream.app; sourceTree = BUILT_PRODUCTS_DIR; };
		8B8DA6302C77F3BC00E7A71E /* GameStreamApp.swift */ = {isa = PBXFileReference; lastKnownFileType = sourcecode.swift; path = GameStreamApp.swift; sourceTree = "<group>"; };
		8B8DA6322C77F3BC00E7A71E /* ContentView.swift */ = {isa = PBXFileReference; lastKnownFileType = sourcecode.swift; path = ContentView.swift; sourceTree = "<group>"; };
		8B8DA6342C77F3BE00E7A71E /* Assets.xcassets */ = {isa = PBXFileReference; lastKnownFileType = folder.assetcatalog; path = Assets.xcassets; sourceTree = "<group>"; };
		8B8DA6372C77F3BE00E7A71E /* Preview Assets.xcassets */ = {isa = PBXFileReference; lastKnownFileType = folder.assetcatalog; path = "Preview Assets.xcassets"; sourceTree = "<group>"; };
		8B8DA63E2C7D51C700E7A71E /* Home.swift */ = {isa = PBXFileReference; lastKnownFileType = sourcecode.swift; path = Home.swift; sourceTree = "<group>"; };
		8B8DA6432C81422D00E7A71E /* GamesView.swift */ = {isa = PBXFileReference; lastKnownFileType = sourcecode.swift; path = GamesView.swift; sourceTree = "<group>"; };
		8B8DA6452C81425C00E7A71E /* Profile.swift */ = {isa = PBXFileReference; lastKnownFileType = sourcecode.swift; path = Profile.swift; sourceTree = "<group>"; };
		8B8DA6472C81427500E7A71E /* Favorites.swift */ = {isa = PBXFileReference; lastKnownFileType = sourcecode.swift; path = Favorites.swift; sourceTree = "<group>"; };
		8B8DA6492C81437300E7A71E /* Model.swift */ = {isa = PBXFileReference; lastKnownFileType = sourcecode.swift; path = Model.swift; sourceTree = "<group>"; };
		8B8DA64B2C8287AB00E7A71E /* GameViewModel.swift */ = {isa = PBXFileReference; lastKnownFileType = sourcecode.swift; path = GameViewModel.swift; sourceTree = "<group>"; };
/* End PBXFileReference section */

/* Begin PBXFrameworksBuildPhase section */
		8B8DA62A2C77F3BC00E7A71E /* Frameworks */ = {
			isa = PBXFrameworksBuildPhase;
			buildActionMask = 2147483647;
			files = (
				8B6CB7B22C891308000A00CE /* Kingfisher in Frameworks */,
			);
			runOnlyForDeploymentPostprocessing = 0;
		};
/* End PBXFrameworksBuildPhase section */

/* Begin PBXGroup section */
		8B8DA6242C77F3BC00E7A71E = {
			isa = PBXGroup;
			children = (
				8B8DA62F2C77F3BC00E7A71E /* GameStream */,
				8B8DA62E2C77F3BC00E7A71E /* Products */,
			);
			sourceTree = "<group>";
		};
		8B8DA62E2C77F3BC00E7A71E /* Products */ = {
			isa = PBXGroup;
			children = (
				8B8DA62D2C77F3BC00E7A71E /* GameStream.app */,
			);
			name = Products;
			sourceTree = "<group>";
		};
		8B8DA62F2C77F3BC00E7A71E /* GameStream */ = {
			isa = PBXGroup;
			children = (
				8B8DA6422C8141E900E7A71E /* ViewModels */,
				8B8DA6412C8141E200E7A71E /* Models */,
				8B8DA6402C8141D800E7A71E /* Views */,
				8B8DA6302C77F3BC00E7A71E /* GameStreamApp.swift */,
				8B8DA6342C77F3BE00E7A71E /* Assets.xcassets */,
				8B8DA6362C77F3BE00E7A71E /* Preview Content */,
			);
			path = GameStream;
			sourceTree = "<group>";
		};
		8B8DA6362C77F3BE00E7A71E /* Preview Content */ = {
			isa = PBXGroup;
			children = (
				8B8DA6372C77F3BE00E7A71E /* Preview Assets.xcassets */,
			);
			path = "Preview Content";
			sourceTree = "<group>";
		};
		8B8DA6402C8141D800E7A71E /* Views */ = {
			isa = PBXGroup;
			children = (
				8B8DA6322C77F3BC00E7A71E /* ContentView.swift */,
				8B8DA63E2C7D51C700E7A71E /* Home.swift */,
				8B8DA6432C81422D00E7A71E /* GamesView.swift */,
				8B8DA6452C81425C00E7A71E /* Profile.swift */,
				8B8DA6472C81427500E7A71E /* Favorites.swift */,
				8B6CB7B32C891765000A00CE /* GameView.swift */,
				8B6CB7B72C8E5417000A00CE /* EditProfileView.swift */,
			);
			path = Views;
			sourceTree = "<group>";
		};
		8B8DA6412C8141E200E7A71E /* Models */ = {
			isa = PBXGroup;
			children = (
				8B8DA6492C81437300E7A71E /* Model.swift */,
			);
			path = Models;
			sourceTree = "<group>";
		};
		8B8DA6422C8141E900E7A71E /* ViewModels */ = {
			isa = PBXGroup;
			children = (
				8B6CB7BB2C8E7E60000A00CE /* SUImagePickerView.swift */,
				8B8DA64B2C8287AB00E7A71E /* GameViewModel.swift */,
				8B6CB7B52C8C97C3000A00CE /* SearchGame.swift */,
				8B6CB7B92C8E774E000A00CE /* SaveData.swift */,
			);
			path = ViewModels;
			sourceTree = "<group>";
		};
/* End PBXGroup section */

/* Begin PBXNativeTarget section */
		8B8DA62C2C77F3BC00E7A71E /* GameStream */ = {
			isa = PBXNativeTarget;
			buildConfigurationList = 8B8DA63B2C77F3BE00E7A71E /* Build configuration list for PBXNativeTarget "GameStream" */;
			buildPhases = (
				8B8DA6292C77F3BC00E7A71E /* Sources */,
				8B8DA62A2C77F3BC00E7A71E /* Frameworks */,
				8B8DA62B2C77F3BC00E7A71E /* Resources */,
			);
			buildRules = (
			);
			dependencies = (
			);
			name = GameStream;
			packageProductDependencies = (
				8B6CB7B12C891308000A00CE /* Kingfisher */,
			);
			productName = GameStream;
			productReference = 8B8DA62D2C77F3BC00E7A71E /* GameStream.app */;
			productType = "com.apple.product-type.application";
		};
/* End PBXNativeTarget section */

/* Begin PBXProject section */
		8B8DA6252C77F3BC00E7A71E /* Project object */ = {
			isa = PBXProject;
			attributes = {
				BuildIndependentTargetsInParallel = 1;
				LastSwiftUpdateCheck = 1540;
				LastUpgradeCheck = 1540;
				TargetAttributes = {
					8B8DA62C2C77F3BC00E7A71E = {
						CreatedOnToolsVersion = 15.4;
					};
				};
			};
			buildConfigurationList = 8B8DA6282C77F3BC00E7A71E /* Build configuration list for PBXProject "GameStream" */;
			compatibilityVersion = "Xcode 14.0";
			developmentRegion = en;
			hasScannedForEncodings = 0;
			knownRegions = (
				en,
				Base,
			);
			mainGroup = 8B8DA6242C77F3BC00E7A71E;
			packageReferences = (
				8B6CB7B02C891308000A00CE /* XCRemoteSwiftPackageReference "Kingfisher" */,
			);
			productRefGroup = 8B8DA62E2C77F3BC00E7A71E /* Products */;
			projectDirPath = "";
			projectRoot = "";
			targets = (
				8B8DA62C2C77F3BC00E7A71E /* GameStream */,
			);
		};
/* End PBXProject section */

/* Begin PBXResourcesBuildPhase section */
		8B8DA62B2C77F3BC00E7A71E /* Resources */ = {
			isa = PBXResourcesBuildPhase;
			buildActionMask = 2147483647;
			files = (
				8B8DA6382C77F3BE00E7A71E /* Preview Assets.xcassets in Resources */,
				8B8DA6352C77F3BE00E7A71E /* Assets.xcassets in Resources */,
			);
			runOnlyForDeploymentPostprocessing = 0;
		};
/* End PBXResourcesBuildPhase section */

/* Begin PBXSourcesBuildPhase section */
		8B8DA6292C77F3BC00E7A71E /* Sources */ = {
			isa = PBXSourcesBuildPhase;
			buildActionMask = 2147483647;
			files = (
				8B8DA64A2C81437300E7A71E /* Model.swift in Sources */,
				8B8DA6332C77F3BC00E7A71E /* ContentView.swift in Sources */,
				8B6CB7BA2C8E774E000A00CE /* SaveData.swift in Sources */,
				8B8DA6462C81425C00E7A71E /* Profile.swift in Sources */,
				8B6CB7B82C8E5417000A00CE /* EditProfileView.swift in Sources */,
				8B6CB7BC2C8E7E60000A00CE /* SUImagePickerView.swift in Sources */,
				8B8DA63F2C7D51C700E7A71E /* Home.swift in Sources */,
				8B6CB7B42C891765000A00CE /* GameView.swift in Sources */,
				8B6CB7B62C8C97C3000A00CE /* SearchGame.swift in Sources */,
				8B8DA64C2C8287AB00E7A71E /* GameViewModel.swift in Sources */,
				8B8DA6482C81427500E7A71E /* Favorites.swift in Sources */,
				8B8DA6442C81422D00E7A71E /* GamesView.swift in Sources */,
				8B8DA6312C77F3BC00E7A71E /* GameStreamApp.swift in Sources */,
			);
			runOnlyForDeploymentPostprocessing = 0;
		};
/* End PBXSourcesBuildPhase section */

/* Begin XCBuildConfiguration section */
		8B8DA6392C77F3BE00E7A71E /* Debug */ = {
			isa = XCBuildConfiguration;
			buildSettings = {
				ALWAYS_SEARCH_USER_PATHS = NO;
				ASSETCATALOG_COMPILER_GENERATE_SWIFT_ASSET_SYMBOL_EXTENSIONS = YES;
				CLANG_ANALYZER_NONNULL = YES;
				CLANG_ANALYZER_NUMBER_OBJECT_CONVERSION = YES_AGGRESSIVE;
				CLANG_CXX_LANGUAGE_STANDARD = "gnu++20";
				CLANG_ENABLE_MODULES = YES;
				CLANG_ENABLE_OBJC_ARC = YES;
				CLANG_ENABLE_OBJC_WEAK = YES;
				CLANG_WARN_BLOCK_CAPTURE_AUTORELEASING = YES;
				CLANG_WARN_BOOL_CONVERSION = YES;
				CLANG_WARN_COMMA = YES;
				CLANG_WARN_CONSTANT_CONVERSION = YES;
				CLANG_WARN_DEPRECATED_OBJC_IMPLEMENTATIONS = YES;
				CLANG_WARN_DIRECT_OBJC_ISA_USAGE = YES_ERROR;
				CLANG_WARN_DOCUMENTATION_COMMENTS = YES;
				CLANG_WARN_EMPTY_BODY = YES;
				CLANG_WARN_ENUM_CONVERSION = YES;
				CLANG_WARN_INFINITE_RECURSION = YES;
				CLANG_WARN_INT_CONVERSION = YES;
				CLANG_WARN_NON_LITERAL_NULL_CONVERSION = YES;
				CLANG_WARN_OBJC_IMPLICIT_RETAIN_SELF = YES;
				CLANG_WARN_OBJC_LITERAL_CONVERSION = YES;
				CLANG_WARN_OBJC_ROOT_CLASS = YES_ERROR;
				CLANG_WARN_QUOTED_INCLUDE_IN_FRAMEWORK_HEADER = YES;
				CLANG_WARN_RANGE_LOOP_ANALYSIS = YES;
				CLANG_WARN_STRICT_PROTOTYPES = YES;
				CLANG_WARN_SUSPICIOUS_MOVE = YES;
				CLANG_WARN_UNGUARDED_AVAILABILITY = YES_AGGRESSIVE;
				CLANG_WARN_UNREACHABLE_CODE = YES;
				CLANG_WARN__DUPLICATE_METHOD_MATCH = YES;
				COPY_PHASE_STRIP = NO;
				DEBUG_INFORMATION_FORMAT = dwarf;
				ENABLE_STRICT_OBJC_MSGSEND = YES;
				ENABLE_TESTABILITY = YES;
				ENABLE_USER_SCRIPT_SANDBOXING = YES;
				GCC_C_LANGUAGE_STANDARD = gnu17;
				GCC_DYNAMIC_NO_PIC = NO;
				GCC_NO_COMMON_BLOCKS = YES;
				GCC_OPTIMIZATION_LEVEL = 0;
				GCC_PREPROCESSOR_DEFINITIONS = (
					"DEBUG=1",
					"$(inherited)",
				);
				GCC_WARN_64_TO_32_BIT_CONVERSION = YES;
				GCC_WARN_ABOUT_RETURN_TYPE = YES_ERROR;
				GCC_WARN_UNDECLARED_SELECTOR = YES;
				GCC_WARN_UNINITIALIZED_AUTOS = YES_AGGRESSIVE;
				GCC_WARN_UNUSED_FUNCTION = YES;
				GCC_WARN_UNUSED_VARIABLE = YES;
				IPHONEOS_DEPLOYMENT_TARGET = 17.5;
				LOCALIZATION_PREFERS_STRING_CATALOGS = YES;
				MTL_ENABLE_DEBUG_INFO = INCLUDE_SOURCE;
				MTL_FAST_MATH = YES;
				ONLY_ACTIVE_ARCH = YES;
				SDKROOT = iphoneos;
				SWIFT_ACTIVE_COMPILATION_CONDITIONS = "DEBUG $(inherited)";
				SWIFT_OPTIMIZATION_LEVEL = "-Onone";
			};
			name = Debug;
		};
		8B8DA63A2C77F3BE00E7A71E /* Release */ = {
			isa = XCBuildConfiguration;
			buildSettings = {
				ALWAYS_SEARCH_USER_PATHS = NO;
				ASSETCATALOG_COMPILER_GENERATE_SWIFT_ASSET_SYMBOL_EXTENSIONS = YES;
				CLANG_ANALYZER_NONNULL = YES;
				CLANG_ANALYZER_NUMBER_OBJECT_CONVERSION = YES_AGGRESSIVE;
				CLANG_CXX_LANGUAGE_STANDARD = "gnu++20";
				CLANG_ENABLE_MODULES = YES;
				CLANG_ENABLE_OBJC_ARC = YES;
				CLANG_ENABLE_OBJC_WEAK = YES;
				CLANG_WARN_BLOCK_CAPTURE_AUTORELEASING = YES;
				CLANG_WARN_BOOL_CONVERSION = YES;
				CLANG_WARN_COMMA = YES;
				CLANG_WARN_CONSTANT_CONVERSION = YES;
				CLANG_WARN_DEPRECATED_OBJC_IMPLEMENTATIONS = YES;
				CLANG_WARN_DIRECT_OBJC_ISA_USAGE = YES_ERROR;
				CLANG_WARN_DOCUMENTATION_COMMENTS = YES;
				CLANG_WARN_EMPTY_BODY = YES;
				CLANG_WARN_ENUM_CONVERSION = YES;
				CLANG_WARN_INFINITE_RECURSION = YES;
				CLANG_WARN_INT_CONVERSION = YES;
				CLANG_WARN_NON_LITERAL_NULL_CONVERSION = YES;
				CLANG_WARN_OBJC_IMPLICIT_RETAIN_SELF = YES;
				CLANG_WARN_OBJC_LITERAL_CONVERSION = YES;
				CLANG_WARN_OBJC_ROOT_CLASS = YES_ERROR;
				CLANG_WARN_QUOTED_INCLUDE_IN_FRAMEWORK_HEADER = YES;
				CLANG_WARN_RANGE_LOOP_ANALYSIS = YES;
				CLANG_WARN_STRICT_PROTOTYPES = YES;
				CLANG_WARN_SUSPICIOUS_MOVE = YES;
				CLANG_WARN_UNGUARDED_AVAILABILITY = YES_AGGRESSIVE;
				CLANG_WARN_UNREACHABLE_CODE = YES;
				CLANG_WARN__DUPLICATE_METHOD_MATCH = YES;
				COPY_PHASE_STRIP = NO;
				DEBUG_INFORMATION_FORMAT = "dwarf-with-dsym";
				ENABLE_NS_ASSERTIONS = NO;
				ENABLE_STRICT_OBJC_MSGSEND = YES;
				ENABLE_USER_SCRIPT_SANDBOXING = YES;
				GCC_C_LANGUAGE_STANDARD = gnu17;
				GCC_NO_COMMON_BLOCKS = YES;
				GCC_WARN_64_TO_32_BIT_CONVERSION = YES;
				GCC_WARN_ABOUT_RETURN_TYPE = YES_ERROR;
				GCC_WARN_UNDECLARED_SELECTOR = YES;
				GCC_WARN_UNINITIALIZED_AUTOS = YES_AGGRESSIVE;
				GCC_WARN_UNUSED_FUNCTION = YES;
				GCC_WARN_UNUSED_VARIABLE = YES;
				IPHONEOS_DEPLOYMENT_TARGET = 17.5;
				LOCALIZATION_PREFERS_STRING_CATALOGS = YES;
				MTL_ENABLE_DEBUG_INFO = NO;
				MTL_FAST_MATH = YES;
				SDKROOT = iphoneos;
				SWIFT_COMPILATION_MODE = wholemodule;
				VALIDATE_PRODUCT = YES;
			};
			name = Release;
		};
		8B8DA63C2C77F3BE00E7A71E /* Debug */ = {
			isa = XCBuildConfiguration;
			buildSettings = {
				ASSETCATALOG_COMPILER_APPICON_NAME = AppIcon;
				ASSETCATALOG_COMPILER_GLOBAL_ACCENT_COLOR_NAME = AccentColor;
				CODE_SIGN_STYLE = Automatic;
				CURRENT_PROJECT_VERSION = 1;
				DEVELOPMENT_ASSET_PATHS = "\"GameStream/Preview Content\"";
				DEVELOPMENT_TEAM = XH6RTA62K4;
				ENABLE_PREVIEWS = YES;
				GENERATE_INFOPLIST_FILE = YES;
				INFOPLIST_KEY_NSCameraUsageDescription = "Se va a utilizar la camara para la foto";
				INFOPLIST_KEY_UIApplicationSceneManifest_Generation = YES;
				INFOPLIST_KEY_UIApplicationSupportsIndirectInputEvents = YES;
				INFOPLIST_KEY_UILaunchScreen_Generation = YES;
				INFOPLIST_KEY_UISupportedInterfaceOrientations_iPad = "UIInterfaceOrientationPortrait UIInterfaceOrientationPortraitUpsideDown UIInterfaceOrientationLandscapeLeft UIInterfaceOrientationLandscapeRight";
				INFOPLIST_KEY_UISupportedInterfaceOrientations_iPhone = "UIInterfaceOrientationPortrait UIInterfaceOrientationLandscapeLeft UIInterfaceOrientationLandscapeRight";
				LD_RUNPATH_SEARCH_PATHS = (
					"$(inherited)",
					"@executable_path/Frameworks",
				);
				MARKETING_VERSION = 1.0;
				PRODUCT_BUNDLE_IDENTIFIER = com.lavozdelgeek.GameStream;
				PRODUCT_NAME = "$(TARGET_NAME)";
				SWIFT_EMIT_LOC_STRINGS = YES;
				SWIFT_VERSION = 5.0;
				TARGETED_DEVICE_FAMILY = "1,2";
			};
			name = Debug;
		};
		8B8DA63D2C77F3BE00E7A71E /* Release */ = {
			isa = XCBuildConfiguration;
			buildSettings = {
				ASSETCATALOG_COMPILER_APPICON_NAME = AppIcon;
				ASSETCATALOG_COMPILER_GLOBAL_ACCENT_COLOR_NAME = AccentColor;
				CODE_SIGN_STYLE = Automatic;
				CURRENT_PROJECT_VERSION = 1;
				DEVELOPMENT_ASSET_PATHS = "\"GameStream/Preview Content\"";
				DEVELOPMENT_TEAM = XH6RTA62K4;
				ENABLE_PREVIEWS = YES;
				GENERATE_INFOPLIST_FILE = YES;
				INFOPLIST_KEY_NSCameraUsageDescription = "Se va a utilizar la camara para la foto";
				INFOPLIST_KEY_UIApplicationSceneManifest_Generation = YES;
				INFOPLIST_KEY_UIApplicationSupportsIndirectInputEvents = YES;
				INFOPLIST_KEY_UILaunchScreen_Generation = YES;
				INFOPLIST_KEY_UISupportedInterfaceOrientations_iPad = "UIInterfaceOrientationPortrait UIInterfaceOrientationPortraitUpsideDown UIInterfaceOrientationLandscapeLeft UIInterfaceOrientationLandscapeRight";
				INFOPLIST_KEY_UISupportedInterfaceOrientations_iPhone = "UIInterfaceOrientationPortrait UIInterfaceOrientationLandscapeLeft UIInterfaceOrientationLandscapeRight";
				LD_RUNPATH_SEARCH_PATHS = (
					"$(inherited)",
					"@executable_path/Frameworks",
				);
				MARKETING_VERSION = 1.0;
				PRODUCT_BUNDLE_IDENTIFIER = com.lavozdelgeek.GameStream;
				PRODUCT_NAME = "$(TARGET_NAME)";
				SWIFT_EMIT_LOC_STRINGS = YES;
				SWIFT_VERSION = 5.0;
				TARGETED_DEVICE_FAMILY = "1,2";
			};
			name = Release;
		};
/* End XCBuildConfiguration section */

/* Begin XCConfigurationList section */
		8B8DA6282C77F3BC00E7A71E /* Build configuration list for PBXProject "GameStream" */ = {
			isa = XCConfigurationList;
			buildConfigurations = (
				8B8DA6392C77F3BE00E7A71E /* Debug */,
				8B8DA63A2C77F3BE00E7A71E /* Release */,
			);
			defaultConfigurationIsVisible = 0;
			defaultConfigurationName = Release;
		};
		8B8DA63B2C77F3BE00E7A71E /* Build configuration list for PBXNativeTarget "GameStream" */ = {
			isa = XCConfigurationList;
			buildConfigurations = (
				8B8DA63C2C77F3BE00E7A71E /* Debug */,
				8B8DA63D2C77F3BE00E7A71E /* Release */,
			);
			defaultConfigurationIsVisible = 0;
			defaultConfigurationName = Release;
		};
/* End XCConfigurationList section */

/* Begin XCRemoteSwiftPackageReference section */
		8B6CB7B02C891308000A00CE /* XCRemoteSwiftPackageReference "Kingfisher" */ = {
			isa = XCRemoteSwiftPackageReference;
			repositoryURL = "https://github.com/onevcat/Kingfisher";
			requirement = {
				kind = upToNextMajorVersion;
				minimumVersion = 7.12.0;
			};
		};
/* End XCRemoteSwiftPackageReference section */

/* Begin XCSwiftPackageProductDependency section */
		8B6CB7B12C891308000A00CE /* Kingfisher */ = {
			isa = XCSwiftPackageProductDependency;
			package = 8B6CB7B02C891308000A00CE /* XCRemoteSwiftPackageReference "Kingfisher" */;
			productName = Kingfisher;
		};
/* End XCSwiftPackageProductDependency section */
	};
	rootObject = 8B8DA6252C77F3BC00E7A71E /* Project object */;
}
